// !$*UTF8*$!
{
	archiveVersion = 1;
	classes = {
	};
	objectVersion = 46;
	objects = {

/* Begin PBXBuildFile section */
		84C805D01EB4C6A600C03C43 /* UILabel+Configuration.swift in Sources */ = {isa = PBXBuildFile; fileRef = 84C805CF1EB4C6A600C03C43 /* UILabel+Configuration.swift */; };
		84C805D21EB4C91F00C03C43 /* TouchButton.swift in Sources */ = {isa = PBXBuildFile; fileRef = 84C805D11EB4C91F00C03C43 /* TouchButton.swift */; };
		84E260A21EAB5364005486F6 /* AppDelegate.swift in Sources */ = {isa = PBXBuildFile; fileRef = 84E260A11EAB5364005486F6 /* AppDelegate.swift */; };
		84E260A41EAB5364005486F6 /* ViewController.swift in Sources */ = {isa = PBXBuildFile; fileRef = 84E260A31EAB5364005486F6 /* ViewController.swift */; };
		84E260A71EAB5364005486F6 /* Main.storyboard in Resources */ = {isa = PBXBuildFile; fileRef = 84E260A51EAB5364005486F6 /* Main.storyboard */; };
		84E260A91EAB5364005486F6 /* Assets.xcassets in Resources */ = {isa = PBXBuildFile; fileRef = 84E260A81EAB5364005486F6 /* Assets.xcassets */; };
		84E260AC1EAB5364005486F6 /* LaunchScreen.storyboard in Resources */ = {isa = PBXBuildFile; fileRef = 84E260AA1EAB5364005486F6 /* LaunchScreen.storyboard */; };
		84E260B51EAB71D1005486F6 /* SwitchTableViewCell.swift in Sources */ = {isa = PBXBuildFile; fileRef = 84E260B31EAB71D1005486F6 /* SwitchTableViewCell.swift */; };
		84E260B61EAB71D1005486F6 /* SwitchTableViewCell.xib in Resources */ = {isa = PBXBuildFile; fileRef = 84E260B41EAB71D1005486F6 /* SwitchTableViewCell.xib */; };
		84E260B81EAB7285005486F6 /* SwitchPlugin.swift in Sources */ = {isa = PBXBuildFile; fileRef = 84E260B71EAB7285005486F6 /* SwitchPlugin.swift */; };
		84E260BA1EAB796C005486F6 /* Plugin.swift in Sources */ = {isa = PBXBuildFile; fileRef = 84E260B91EAB796C005486F6 /* Plugin.swift */; };
		84E260BC1EAB9712005486F6 /* TestSwitchPlugin.swift in Sources */ = {isa = PBXBuildFile; fileRef = 84E260BB1EAB9712005486F6 /* TestSwitchPlugin.swift */; };
/* End PBXBuildFile section */

/* Begin PBXFileReference section */
		84C805CF1EB4C6A600C03C43 /* UILabel+Configuration.swift */ = {isa = PBXFileReference; fileEncoding = 4; lastKnownFileType = sourcecode.swift; path = "UILabel+Configuration.swift"; sourceTree = "<group>"; };
		84C805D11EB4C91F00C03C43 /* TouchButton.swift */ = {isa = PBXFileReference; fileEncoding = 4; lastKnownFileType = sourcecode.swift; path = TouchButton.swift; sourceTree = "<group>"; };
		84E2609E1EAB5364005486F6 /* Deboogger.app */ = {isa = PBXFileReference; explicitFileType = wrapper.application; includeInIndex = 0; path = Deboogger.app; sourceTree = BUILT_PRODUCTS_DIR; };
		84E260A11EAB5364005486F6 /* AppDelegate.swift */ = {isa = PBXFileReference; lastKnownFileType = sourcecode.swift; path = AppDelegate.swift; sourceTree = "<group>"; };
		84E260A31EAB5364005486F6 /* ViewController.swift */ = {isa = PBXFileReference; lastKnownFileType = sourcecode.swift; path = ViewController.swift; sourceTree = "<group>"; };
		84E260A61EAB5364005486F6 /* Base */ = {isa = PBXFileReference; lastKnownFileType = file.storyboard; name = Base; path = Base.lproj/Main.storyboard; sourceTree = "<group>"; };
		84E260A81EAB5364005486F6 /* Assets.xcassets */ = {isa = PBXFileReference; lastKnownFileType = folder.assetcatalog; path = Assets.xcassets; sourceTree = "<group>"; };
		84E260AB1EAB5364005486F6 /* Base */ = {isa = PBXFileReference; lastKnownFileType = file.storyboard; name = Base; path = Base.lproj/LaunchScreen.storyboard; sourceTree = "<group>"; };
		84E260AD1EAB5364005486F6 /* Info.plist */ = {isa = PBXFileReference; lastKnownFileType = text.plist.xml; path = Info.plist; sourceTree = "<group>"; };
		84E260B31EAB71D1005486F6 /* SwitchTableViewCell.swift */ = {isa = PBXFileReference; fileEncoding = 4; lastKnownFileType = sourcecode.swift; path = SwitchTableViewCell.swift; sourceTree = "<group>"; };
		84E260B41EAB71D1005486F6 /* SwitchTableViewCell.xib */ = {isa = PBXFileReference; fileEncoding = 4; lastKnownFileType = file.xib; path = SwitchTableViewCell.xib; sourceTree = "<group>"; };
		84E260B71EAB7285005486F6 /* SwitchPlugin.swift */ = {isa = PBXFileReference; fileEncoding = 4; lastKnownFileType = sourcecode.swift; path = SwitchPlugin.swift; sourceTree = "<group>"; };
		84E260B91EAB796C005486F6 /* Plugin.swift */ = {isa = PBXFileReference; fileEncoding = 4; lastKnownFileType = sourcecode.swift; path = Plugin.swift; sourceTree = "<group>"; };
		84E260BB1EAB9712005486F6 /* TestSwitchPlugin.swift */ = {isa = PBXFileReference; fileEncoding = 4; lastKnownFileType = sourcecode.swift; path = TestSwitchPlugin.swift; sourceTree = "<group>"; };
/* End PBXFileReference section */

/* Begin PBXFrameworksBuildPhase section */
		84E2609B1EAB5364005486F6 /* Frameworks */ = {
			isa = PBXFrameworksBuildPhase;
			buildActionMask = 2147483647;
			files = (
			);
			runOnlyForDeploymentPostprocessing = 0;
		};
/* End PBXFrameworksBuildPhase section */

/* Begin PBXGroup section */
		84E260951EAB5364005486F6 = {
			isa = PBXGroup;
			children = (
				84E260A01EAB5364005486F6 /* Deboogger */,
				84E2609F1EAB5364005486F6 /* Products */,
			);
			sourceTree = "<group>";
		};
		84E2609F1EAB5364005486F6 /* Products */ = {
			isa = PBXGroup;
			children = (
				84E2609E1EAB5364005486F6 /* Deboogger.app */,
			);
			name = Products;
			sourceTree = "<group>";
		};
		84E260A01EAB5364005486F6 /* Deboogger */ = {
			isa = PBXGroup;
			children = (
				84E260A11EAB5364005486F6 /* AppDelegate.swift */,
				84E260A31EAB5364005486F6 /* ViewController.swift */,
				84E260A51EAB5364005486F6 /* Main.storyboard */,
				84E260A81EAB5364005486F6 /* Assets.xcassets */,
				84E260AA1EAB5364005486F6 /* LaunchScreen.storyboard */,
				84E260AD1EAB5364005486F6 /* Info.plist */,
				84E260B31EAB71D1005486F6 /* SwitchTableViewCell.swift */,
				84E260B41EAB71D1005486F6 /* SwitchTableViewCell.xib */,
				84E260B71EAB7285005486F6 /* SwitchPlugin.swift */,
				84E260B91EAB796C005486F6 /* Plugin.swift */,
				84E260BB1EAB9712005486F6 /* TestSwitchPlugin.swift */,
				84C805CF1EB4C6A600C03C43 /* UILabel+Configuration.swift */,
				84C805D11EB4C91F00C03C43 /* TouchButton.swift */,
			);
			path = Deboogger;
			sourceTree = "<group>";
		};
/* End PBXGroup section */

/* Begin PBXNativeTarget section */
		84E2609D1EAB5364005486F6 /* Deboogger */ = {
			isa = PBXNativeTarget;
			buildConfigurationList = 84E260B01EAB5364005486F6 /* Build configuration list for PBXNativeTarget "Deboogger" */;
			buildPhases = (
				84E2609A1EAB5364005486F6 /* Sources */,
				84E2609B1EAB5364005486F6 /* Frameworks */,
				84E2609C1EAB5364005486F6 /* Resources */,
			);
			buildRules = (
			);
			dependencies = (
			);
			name = Deboogger;
			productName = Deboogger;
			productReference = 84E2609E1EAB5364005486F6 /* Deboogger.app */;
			productType = "com.apple.product-type.application";
		};
/* End PBXNativeTarget section */

/* Begin PBXProject section */
		84E260961EAB5364005486F6 /* Project object */ = {
			isa = PBXProject;
			attributes = {
				LastSwiftUpdateCheck = 0830;
				LastUpgradeCheck = 0830;
				ORGANIZATIONNAME = "Nikita Ermolenko";
				TargetAttributes = {
					84E2609D1EAB5364005486F6 = {
						CreatedOnToolsVersion = 8.3.2;
						ProvisioningStyle = Automatic;
					};
				};
			};
			buildConfigurationList = 84E260991EAB5364005486F6 /* Build configuration list for PBXProject "Deboogger" */;
			compatibilityVersion = "Xcode 3.2";
			developmentRegion = English;
			hasScannedForEncodings = 0;
			knownRegions = (
				en,
				Base,
			);
			mainGroup = 84E260951EAB5364005486F6;
			productRefGroup = 84E2609F1EAB5364005486F6 /* Products */;
			projectDirPath = "";
			projectRoot = "";
			targets = (
				84E2609D1EAB5364005486F6 /* Deboogger */,
			);
		};
/* End PBXProject section */

/* Begin PBXResourcesBuildPhase section */
		84E2609C1EAB5364005486F6 /* Resources */ = {
			isa = PBXResourcesBuildPhase;
			buildActionMask = 2147483647;
			files = (
				84E260AC1EAB5364005486F6 /* LaunchScreen.storyboard in Resources */,
				84E260B61EAB71D1005486F6 /* SwitchTableViewCell.xib in Resources */,
				84E260A91EAB5364005486F6 /* Assets.xcassets in Resources */,
				84E260A71EAB5364005486F6 /* Main.storyboard in Resources */,
			);
			runOnlyForDeploymentPostprocessing = 0;
		};
/* End PBXResourcesBuildPhase section */

/* Begin PBXSourcesBuildPhase section */
		84E2609A1EAB5364005486F6 /* Sources */ = {
			isa = PBXSourcesBuildPhase;
			buildActionMask = 2147483647;
			files = (
				84E260A41EAB5364005486F6 /* ViewController.swift in Sources */,
				84E260A21EAB5364005486F6 /* AppDelegate.swift in Sources */,
				84E260B81EAB7285005486F6 /* SwitchPlugin.swift in Sources */,
				84C805D21EB4C91F00C03C43 /* TouchButton.swift in Sources */,
				84C805D01EB4C6A600C03C43 /* UILabel+Configuration.swift in Sources */,
				84E260BA1EAB796C005486F6 /* Plugin.swift in Sources */,
				84E260BC1EAB9712005486F6 /* TestSwitchPlugin.swift in Sources */,
				84E260B51EAB71D1005486F6 /* SwitchTableViewCell.swift in Sources */,
			);
			runOnlyForDeploymentPostprocessing = 0;
		};
/* End PBXSourcesBuildPhase section */

/* Begin PBXVariantGroup section */
		84E260A51EAB5364005486F6 /* Main.storyboard */ = {
			isa = PBXVariantGroup;
			children = (
				84E260A61EAB5364005486F6 /* Base */,
			);
			name = Main.storyboard;
			sourceTree = "<group>";
		};
		84E260AA1EAB5364005486F6 /* LaunchScreen.storyboard */ = {
			isa = PBXVariantGroup;
			children = (
				84E260AB1EAB5364005486F6 /* Base */,
			);
			name = LaunchScreen.storyboard;
			sourceTree = "<group>";
		};
/* End PBXVariantGroup section */

/* Begin XCBuildConfiguration section */
		84E260AE1EAB5364005486F6 /* Debug */ = {
			isa = XCBuildConfiguration;
			buildSettings = {
				ALWAYS_SEARCH_USER_PATHS = NO;
				CLANG_ANALYZER_NONNULL = YES;
				CLANG_ANALYZER_NUMBER_OBJECT_CONVERSION = YES_AGGRESSIVE;
				CLANG_CXX_LANGUAGE_STANDARD = "gnu++0x";
				CLANG_CXX_LIBRARY = "libc++";
				CLANG_ENABLE_MODULES = YES;
				CLANG_ENABLE_OBJC_ARC = YES;
				CLANG_WARN_BOOL_CONVERSION = YES;
				CLANG_WARN_CONSTANT_CONVERSION = YES;
				CLANG_WARN_DIRECT_OBJC_ISA_USAGE = YES_ERROR;
				CLANG_WARN_DOCUMENTATION_COMMENTS = YES;
				CLANG_WARN_EMPTY_BODY = YES;
				CLANG_WARN_ENUM_CONVERSION = YES;
				CLANG_WARN_INFINITE_RECURSION = YES;
				CLANG_WARN_INT_CONVERSION = YES;
				CLANG_WARN_OBJC_ROOT_CLASS = YES_ERROR;
				CLANG_WARN_SUSPICIOUS_MOVE = YES;
				CLANG_WARN_UNREACHABLE_CODE = YES;
				CLANG_WARN__DUPLICATE_METHOD_MATCH = YES;
				"CODE_SIGN_IDENTITY[sdk=iphoneos*]" = "iPhone Developer";
				COPY_PHASE_STRIP = NO;
				DEBUG_INFORMATION_FORMAT = dwarf;
				ENABLE_STRICT_OBJC_MSGSEND = YES;
				ENABLE_TESTABILITY = YES;
				GCC_C_LANGUAGE_STANDARD = gnu99;
				GCC_DYNAMIC_NO_PIC = NO;
				GCC_NO_COMMON_BLOCKS = YES;
				GCC_OPTIMIZATION_LEVEL = 0;
				GCC_PREPROCESSOR_DEFINITIONS = (
					"DEBUG=1",
					"$(inherited)",
				);
				GCC_WARN_64_TO_32_BIT_CONVERSION = YES;
				GCC_WARN_ABOUT_RETURN_TYPE = YES_ERROR;
				GCC_WARN_UNDECLARED_SELECTOR = YES;
				GCC_WARN_UNINITIALIZED_AUTOS = YES_AGGRESSIVE;
				GCC_WARN_UNUSED_FUNCTION = YES;
				GCC_WARN_UNUSED_VARIABLE = YES;
				IPHONEOS_DEPLOYMENT_TARGET = 10.3;
				MTL_ENABLE_DEBUG_INFO = YES;
				ONLY_ACTIVE_ARCH = YES;
				SDKROOT = iphoneos;
				SWIFT_ACTIVE_COMPILATION_CONDITIONS = DEBUG;
				SWIFT_OPTIMIZATION_LEVEL = "-Onone";
				TARGETED_DEVICE_FAMILY = "1,2";
			};
			name = Debug;
		};
		84E260AF1EAB5364005486F6 /* Release */ = {
			isa = XCBuildConfiguration;
			buildSettings = {
				ALWAYS_SEARCH_USER_PATHS = NO;
				CLANG_ANALYZER_NONNULL = YES;
				CLANG_ANALYZER_NUMBER_OBJECT_CONVERSION = YES_AGGRESSIVE;
				CLANG_CXX_LANGUAGE_STANDARD = "gnu++0x";
				CLANG_CXX_LIBRARY = "libc++";
				CLANG_ENABLE_MODULES = YES;
				CLANG_ENABLE_OBJC_ARC = YES;
				CLANG_WARN_BOOL_CONVERSION = YES;
				CLANG_WARN_CONSTANT_CONVERSION = YES;
				CLANG_WARN_DIRECT_OBJC_ISA_USAGE = YES_ERROR;
				CLANG_WARN_DOCUMENTATION_COMMENTS = YES;
				CLANG_WARN_EMPTY_BODY = YES;
				CLANG_WARN_ENUM_CONVERSION = YES;
				CLANG_WARN_INFINITE_RECURSION = YES;
				CLANG_WARN_INT_CONVERSION = YES;
				CLANG_WARN_OBJC_ROOT_CLASS = YES_ERROR;
				CLANG_WARN_SUSPICIOUS_MOVE = YES;
				CLANG_WARN_UNREACHABLE_CODE = YES;
				CLANG_WARN__DUPLICATE_METHOD_MATCH = YES;
				"CODE_SIGN_IDENTITY[sdk=iphoneos*]" = "iPhone Developer";
				COPY_PHASE_STRIP = NO;
				DEBUG_INFORMATION_FORMAT = "dwarf-with-dsym";
				ENABLE_NS_ASSERTIONS = NO;
				ENABLE_STRICT_OBJC_MSGSEND = YES;
				GCC_C_LANGUAGE_STANDARD = gnu99;
				GCC_NO_COMMON_BLOCKS = YES;
				GCC_WARN_64_TO_32_BIT_CONVERSION = YES;
				GCC_WARN_ABOUT_RETURN_TYPE = YES_ERROR;
				GCC_WARN_UNDECLARED_SELECTOR = YES;
				GCC_WARN_UNINITIALIZED_AUTOS = YES_AGGRESSIVE;
				GCC_WARN_UNUSED_FUNCTION = YES;
				GCC_WARN_UNUSED_VARIABLE = YES;
				IPHONEOS_DEPLOYMENT_TARGET = 10.3;
				MTL_ENABLE_DEBUG_INFO = NO;
				SDKROOT = iphoneos;
				SWIFT_OPTIMIZATION_LEVEL = "-Owholemodule";
				TARGETED_DEVICE_FAMILY = "1,2";
				VALIDATE_PRODUCT = YES;
			};
			name = Release;
		};
		84E260B11EAB5364005486F6 /* Debug */ = {
			isa = XCBuildConfiguration;
			buildSettings = {
				ASSETCATALOG_COMPILER_APPICON_NAME = AppIcon;
				INFOPLIST_FILE = Deboogger/Info.plist;
				LD_RUNPATH_SEARCH_PATHS = "$(inherited) @executable_path/Frameworks";
				PRODUCT_BUNDLE_IDENTIFIER = com.otbivnoe.Deboogger;
				PRODUCT_NAME = "$(TARGET_NAME)";
				SWIFT_VERSION = 3.0;
			};
			name = Debug;
		};
		84E260B21EAB5364005486F6 /* Release */ = {
			isa = XCBuildConfiguration;
			buildSettings = {
				ASSETCATALOG_COMPILER_APPICON_NAME = AppIcon;
				INFOPLIST_FILE = Deboogger/Info.plist;
				LD_RUNPATH_SEARCH_PATHS = "$(inherited) @executable_path/Frameworks";
				PRODUCT_BUNDLE_IDENTIFIER = com.otbivnoe.Deboogger;
				PRODUCT_NAME = "$(TARGET_NAME)";
				SWIFT_VERSION = 3.0;
			};
			name = Release;
		};
/* End XCBuildConfiguration section */

/* Begin XCConfigurationList section */
		84E260991EAB5364005486F6 /* Build configuration list for PBXProject "Deboogger" */ = {
			isa = XCConfigurationList;
			buildConfigurations = (
				84E260AE1EAB5364005486F6 /* Debug */,
				84E260AF1EAB5364005486F6 /* Release */,
			);
			defaultConfigurationIsVisible = 0;
			defaultConfigurationName = Release;
		};
		84E260B01EAB5364005486F6 /* Build configuration list for PBXNativeTarget "Deboogger" */ = {
			isa = XCConfigurationList;
			buildConfigurations = (
				84E260B11EAB5364005486F6 /* Debug */,
				84E260B21EAB5364005486F6 /* Release */,
			);
			defaultConfigurationIsVisible = 0;
			defaultConfigurationName = Release;
		};
/* End XCConfigurationList section */
	};
	rootObject = 84E260961EAB5364005486F6 /* Project object */;
}
